
Microsoft Visual Studio Solution File, Format Version 12.00
# Visual Studio 2012
# Ranorex Studio 10.1.0
VisualStudioVersion = 12.0.20827.3
MinimumVisualStudioVersion = 10.0.40219.1
Project("{2150E333-8FDC-42A3-9474-1A3956D46DE8}") = "Solution Items", "Solution Items", "{08590956-C469-4948-9BFF-CDAA9083B514}"
	ProjectSection(SolutionItems) = postProject
		Ranorex = .\Ranorex.rxsettings
	EndProjectSection
EndProject
Project("{FAE04EC0-301F-11D3-BF4B-00C04F79EFBC}") = "AndroidKeePassSample", "AndroidKeePassSample\AndroidKeePassSample.csproj", "{EA43D069-035A-41DD-AFFD-21F72C9AA379}"
EndProject
Global
	GlobalSection(SolutionConfigurationPlatforms) = preSolution
		Debug|x86 = Debug|x86
		Release|x86 = Release|x86
	EndGlobalSection
	GlobalSection(ProjectConfigurationPlatforms) = postSolution
		{EA43D069-035A-41DD-AFFD-21F72C9AA379}.Debug|x86.Build.0 = Debug|x86
		{EA43D069-035A-41DD-AFFD-21F72C9AA379}.Debug|x86.ActiveCfg = Debug|x86
		{EA43D069-035A-41DD-AFFD-21F72C9AA379}.Release|x86.Build.0 = Release|x86
		{EA43D069-035A-41DD-AFFD-21F72C9AA379}.Release|x86.ActiveCfg = Release|x86
	EndGlobalSection
EndGlobal
